// !$*UTF8*$!
{
	archiveVersion = 1;
	classes = {
	};
	objectVersion = 48;
	objects = {

/* Begin PBXBuildFile section */
		CF8C56BE2017F0EC00E2C389 /* AppDelegate.swift in Sources */ = {isa = PBXBuildFile; fileRef = CF8C56BD2017F0EC00E2C389 /* AppDelegate.swift */; };
		CF8C56C02017F0EC00E2C389 /* ViewController.swift in Sources */ = {isa = PBXBuildFile; fileRef = CF8C56BF2017F0EC00E2C389 /* ViewController.swift */; };
		CF8C56C32017F0EC00E2C389 /* Main.storyboard in Resources */ = {isa = PBXBuildFile; fileRef = CF8C56C12017F0EC00E2C389 /* Main.storyboard */; };
		CF8C56C52017F0EC00E2C389 /* Assets.xcassets in Resources */ = {isa = PBXBuildFile; fileRef = CF8C56C42017F0EC00E2C389 /* Assets.xcassets */; };
		CF8C56C82017F0EC00E2C389 /* LaunchScreen.storyboard in Resources */ = {isa = PBXBuildFile; fileRef = CF8C56C62017F0EC00E2C389 /* LaunchScreen.storyboard */; };
/* End PBXBuildFile section */

/* Begin PBXFileReference section */
		CF8C56BA2017F0EC00E2C389 /* Contactos.app */ = {isa = PBXFileReference; explicitFileType = wrapper.application; includeInIndex = 0; path = Contactos.app; sourceTree = BUILT_PRODUCTS_DIR; };
		CF8C56BD2017F0EC00E2C389 /* AppDelegate.swift */ = {isa = PBXFileReference; lastKnownFileType = sourcecode.swift; path = AppDelegate.swift; sourceTree = "<group>"; };
		CF8C56BF2017F0EC00E2C389 /* ViewController.swift */ = {isa = PBXFileReference; lastKnownFileType = sourcecode.swift; path = ViewController.swift; sourceTree = "<group>"; };
		CF8C56C22017F0EC00E2C389 /* Base */ = {isa = PBXFileReference; lastKnownFileType = file.storyboard; name = Base; path = Base.lproj/Main.storyboard; sourceTree = "<group>"; };
		CF8C56C42017F0EC00E2C389 /* Assets.xcassets */ = {isa = PBXFileReference; lastKnownFileType = folder.assetcatalog; path = Assets.xcassets; sourceTree = "<group>"; };
		CF8C56C72017F0EC00E2C389 /* Base */ = {isa = PBXFileReference; lastKnownFileType = file.storyboard; name = Base; path = Base.lproj/LaunchScreen.storyboard; sourceTree = "<group>"; };
		CF8C56C92017F0EC00E2C389 /* Info.plist */ = {isa = PBXFileReference; lastKnownFileType = text.plist.xml; path = Info.plist; sourceTree = "<group>"; };
/* End PBXFileReference section */

/* Begin PBXFrameworksBuildPhase section */
		CF8C56B72017F0EC00E2C389 /* Frameworks */ = {
			isa = PBXFrameworksBuildPhase;
			buildActionMask = 2147483647;
			files = (
			);
			runOnlyForDeploymentPostprocessing = 0;
		};
/* End PBXFrameworksBuildPhase section */

/* Begin PBXGroup section */
		CF8C56B12017F0EC00E2C389 = {
			isa = PBXGroup;
			children = (
				CF8C56BC2017F0EC00E2C389 /* Contactos */,
				CF8C56BB2017F0EC00E2C389 /* Products */,
			);
			sourceTree = "<group>";
		};
		CF8C56BB2017F0EC00E2C389 /* Products */ = {
			isa = PBXGroup;
			children = (
				CF8C56BA2017F0EC00E2C389 /* Contactos.app */,
			);
			name = Products;
			sourceTree = "<group>";
		};
		CF8C56BC2017F0EC00E2C389 /* Contactos */ = {
			isa = PBXGroup;
			children = (
				CF8C56BD2017F0EC00E2C389 /* AppDelegate.swift */,
				CF8C56BF2017F0EC00E2C389 /* ViewController.swift */,
				CF8C56C12017F0EC00E2C389 /* Main.storyboard */,
				CF8C56C42017F0EC00E2C389 /* Assets.xcassets */,
				CF8C56C62017F0EC00E2C389 /* LaunchScreen.storyboard */,
				CF8C56C92017F0EC00E2C389 /* Info.plist */,
			);
			path = Contactos;
			sourceTree = "<group>";
		};
/* End PBXGroup section */

/* Begin PBXNativeTarget section */
		CF8C56B92017F0EC00E2C389 /* Contactos */ = {
			isa = PBXNativeTarget;
			buildConfigurationList = CF8C56CC2017F0EC00E2C389 /* Build configuration list for PBXNativeTarget "Contactos" */;
			buildPhases = (
				CF8C56B62017F0EC00E2C389 /* Sources */,
				CF8C56B72017F0EC00E2C389 /* Frameworks */,
				CF8C56B82017F0EC00E2C389 /* Resources */,
			);
			buildRules = (
			);
			dependencies = (
			);
			name = Contactos;
			productName = Contactos;
			productReference = CF8C56BA2017F0EC00E2C389 /* Contactos.app */;
			productType = "com.apple.product-type.application";
		};
/* End PBXNativeTarget section */

/* Begin PBXProject section */
		CF8C56B22017F0EC00E2C389 /* Project object */ = {
			isa = PBXProject;
			attributes = {
				LastSwiftUpdateCheck = 0920;
				LastUpgradeCheck = 0920;
				ORGANIZATIONNAME = "Jorge Maldonado Borbón";
				TargetAttributes = {
					CF8C56B92017F0EC00E2C389 = {
						CreatedOnToolsVersion = 9.2;
						ProvisioningStyle = Automatic;
					};
				};
			};
			buildConfigurationList = CF8C56B52017F0EC00E2C389 /* Build configuration list for PBXProject "Contactos" */;
			compatibilityVersion = "Xcode 8.0";
			developmentRegion = en;
			hasScannedForEncodings = 0;
			knownRegions = (
				en,
				Base,
			);
			mainGroup = CF8C56B12017F0EC00E2C389;
			productRefGroup = CF8C56BB2017F0EC00E2C389 /* Products */;
			projectDirPath = "";
			projectRoot = "";
			targets = (
				CF8C56B92017F0EC00E2C389 /* Contactos */,
			);
		};
/* End PBXProject section */

/* Begin PBXResourcesBuildPhase section */
		CF8C56B82017F0EC00E2C389 /* Resources */ = {
			isa = PBXResourcesBuildPhase;
			buildActionMask = 2147483647;
			files = (
				CF8C56C82017F0EC00E2C389 /* LaunchScreen.storyboard in Resources */,
				CF8C56C52017F0EC00E2C389 /* Assets.xcassets in Resources */,
				CF8C56C32017F0EC00E2C389 /* Main.storyboard in Resources */,
			);
			runOnlyForDeploymentPostprocessing = 0;
		};
/* End PBXResourcesBuildPhase section */

/* Begin PBXSourcesBuildPhase section */
		CF8C56B62017F0EC00E2C389 /* Sources */ = {
			isa = PBXSourcesBuildPhase;
			buildActionMask = 2147483647;
			files = (
				CF8C56C02017F0EC00E2C389 /* ViewController.swift in Sources */,
				CF8C56BE2017F0EC00E2C389 /* AppDelegate.swift in Sources */,
			);
			runOnlyForDeploymentPostprocessing = 0;
		};
/* End PBXSourcesBuildPhase section */

/* Begin PBXVariantGroup section */
		CF8C56C12017F0EC00E2C389 /* Main.storyboard */ = {
			isa = PBXVariantGroup;
			children = (
				CF8C56C22017F0EC00E2C389 /* Base */,
			);
			name = Main.storyboard;
			sourceTree = "<group>";
		};
		CF8C56C62017F0EC00E2C389 /* LaunchScreen.storyboard */ = {
			isa = PBXVariantGroup;
			children = (
				CF8C56C72017F0EC00E2C389 /* Base */,
			);
			name = LaunchScreen.storyboard;
			sourceTree = "<group>";
		};
/* End PBXVariantGroup section */

/* Begin XCBuildConfiguration section */
		CF8C56CA2017F0EC00E2C389 /* Debug */ = {
			isa = XCBuildConfiguration;
			buildSettings = {
				ALWAYS_SEARCH_USER_PATHS = NO;
				CLANG_ANALYZER_NONNULL = YES;
				CLANG_ANALYZER_NUMBER_OBJECT_CONVERSION = YES_AGGRESSIVE;
				CLANG_CXX_LANGUAGE_STANDARD = "gnu++14";
				CLANG_CXX_LIBRARY = "libc++";
				CLANG_ENABLE_MODULES = YES;
				CLANG_ENABLE_OBJC_ARC = YES;
				CLANG_WARN_BLOCK_CAPTURE_AUTORELEASING = YES;
				CLANG_WARN_BOOL_CONVERSION = YES;
				CLANG_WARN_COMMA = YES;
				CLANG_WARN_CONSTANT_CONVERSION = YES;
				CLANG_WARN_DIRECT_OBJC_ISA_USAGE = YES_ERROR;
				CLANG_WARN_DOCUMENTATION_COMMENTS = YES;
				CLANG_WARN_EMPTY_BODY = YES;
				CLANG_WARN_ENUM_CONVERSION = YES;
				CLANG_WARN_INFINITE_RECURSION = YES;
				CLANG_WARN_INT_CONVERSION = YES;
				CLANG_WARN_NON_LITERAL_NULL_CONVERSION = YES;
				CLANG_WARN_OBJC_LITERAL_CONVERSION = YES;
				CLANG_WARN_OBJC_ROOT_CLASS = YES_ERROR;
				CLANG_WARN_RANGE_LOOP_ANALYSIS = YES;
				CLANG_WARN_STRICT_PROTOTYPES = YES;
				CLANG_WARN_SUSPICIOUS_MOVE = YES;
				CLANG_WARN_UNGUARDED_AVAILABILITY = YES_AGGRESSIVE;
				CLANG_WARN_UNREACHABLE_CODE = YES;
				CLANG_WARN__DUPLICATE_METHOD_MATCH = YES;
				CODE_SIGN_IDENTITY = "iPhone Developer";
				COPY_PHASE_STRIP = NO;
				DEBUG_INFORMATION_FORMAT = dwarf;
				ENABLE_STRICT_OBJC_MSGSEND = YES;
				ENABLE_TESTABILITY = YES;
				GCC_C_LANGUAGE_STANDARD = gnu11;
				GCC_DYNAMIC_NO_PIC = NO;
				GCC_NO_COMMON_BLOCKS = YES;
				GCC_OPTIMIZATION_LEVEL = 0;
				GCC_PREPROCESSOR_DEFINITIONS = (
					"DEBUG=1",
					"$(inherited)",
				);
				GCC_WARN_64_TO_32_BIT_CONVERSION = YES;
				GCC_WARN_ABOUT_RETURN_TYPE = YES_ERROR;
				GCC_WARN_UNDECLARED_SELECTOR = YES;
				GCC_WARN_UNINITIALIZED_AUTOS = YES_AGGRESSIVE;
				GCC_WARN_UNUSED_FUNCTION = YES;
				GCC_WARN_UNUSED_VARIABLE = YES;
				IPHONEOS_DEPLOYMENT_TARGET = 11.2;
				MTL_ENABLE_DEBUG_INFO = YES;
				ONLY_ACTIVE_ARCH = YES;
				SDKROOT = iphoneos;
				SWIFT_ACTIVE_COMPILATION_CONDITIONS = DEBUG;
				SWIFT_OPTIMIZATION_LEVEL = "-Onone";
			};
			name = Debug;
		};
		CF8C56CB2017F0EC00E2C389 /* Release */ = {
			isa = XCBuildConfiguration;
			buildSettings = {
				ALWAYS_SEARCH_USER_PATHS = NO;
				CLANG_ANALYZER_NONNULL = YES;
				CLANG_ANALYZER_NUMBER_OBJECT_CONVERSION = YES_AGGRESSIVE;
				CLANG_CXX_LANGUAGE_STANDARD = "gnu++14";
				CLANG_CXX_LIBRARY = "libc++";
				CLANG_ENABLE_MODULES = YES;
				CLANG_ENABLE_OBJC_ARC = YES;
				CLANG_WARN_BLOCK_CAPTURE_AUTORELEASING = YES;
				CLANG_WARN_BOOL_CONVERSION = YES;
				CLANG_WARN_COMMA = YES;
				CLANG_WARN_CONSTANT_CONVERSION = YES;
				CLANG_WARN_DIRECT_OBJC_ISA_USAGE = YES_ERROR;
				CLANG_WARN_DOCUMENTATION_COMMENTS = YES;
				CLANG_WARN_EMPTY_BODY = YES;
				CLANG_WARN_ENUM_CONVERSION = YES;
				CLANG_WARN_INFINITE_RECURSION = YES;
				CLANG_WARN_INT_CONVERSION = YES;
				CLANG_WARN_NON_LITERAL_NULL_CONVERSION = YES;
				CLANG_WARN_OBJC_LITERAL_CONVERSION = YES;
				CLANG_WARN_OBJC_ROOT_CLASS = YES_ERROR;
				CLANG_WARN_RANGE_LOOP_ANALYSIS = YES;
				CLANG_WARN_STRICT_PROTOTYPES = YES;
				CLANG_WARN_SUSPICIOUS_MOVE = YES;
				CLANG_WARN_UNGUARDED_AVAILABILITY = YES_AGGRESSIVE;
				CLANG_WARN_UNREACHABLE_CODE = YES;
				CLANG_WARN__DUPLICATE_METHOD_MATCH = YES;
				CODE_SIGN_IDENTITY = "iPhone Developer";
				COPY_PHASE_STRIP = NO;
				DEBUG_INFORMATION_FORMAT = "dwarf-with-dsym";
				ENABLE_NS_ASSERTIONS = NO;
				ENABLE_STRICT_OBJC_MSGSEND = YES;
				GCC_C_LANGUAGE_STANDARD = gnu11;
				GCC_NO_COMMON_BLOCKS = YES;
				GCC_WARN_64_TO_32_BIT_CONVERSION = YES;
				GCC_WARN_ABOUT_RETURN_TYPE = YES_ERROR;
				GCC_WARN_UNDECLARED_SELECTOR = YES;
				GCC_WARN_UNINITIALIZED_AUTOS = YES_AGGRESSIVE;
				GCC_WARN_UNUSED_FUNCTION = YES;
				GCC_WARN_UNUSED_VARIABLE = YES;
				IPHONEOS_DEPLOYMENT_TARGET = 11.2;
				MTL_ENABLE_DEBUG_INFO = NO;
				SDKROOT = iphoneos;
				SWIFT_OPTIMIZATION_LEVEL = "-Owholemodule";
				VALIDATE_PRODUCT = YES;
			};
			name = Release;
		};
		CF8C56CD2017F0EC00E2C389 /* Debug */ = {
			isa = XCBuildConfiguration;
			buildSettings = {
				ASSETCATALOG_COMPILER_APPICON_NAME = AppIcon;
				CODE_SIGN_STYLE = Automatic;
				INFOPLIST_FILE = Contactos/Info.plist;
				LD_RUNPATH_SEARCH_PATHS = "$(inherited) @executable_path/Frameworks";
				PRODUCT_BUNDLE_IDENTIFIER = com.jorge.Contactos;
				PRODUCT_NAME = "$(TARGET_NAME)";
				SWIFT_VERSION = 4.0;
				TARGETED_DEVICE_FAMILY = "1,2";
			};
			name = Debug;
		};
		CF8C56CE2017F0EC00E2C389 /* Release */ = {
			isa = XCBuildConfiguration;
			buildSettings = {
				ASSETCATALOG_COMPILER_APPICON_NAME = AppIcon;
				CODE_SIGN_STYLE = Automatic;
				INFOPLIST_FILE = Contactos/Info.plist;
				LD_RUNPATH_SEARCH_PATHS = "$(inherited) @executable_path/Frameworks";
				PRODUCT_BUNDLE_IDENTIFIER = com.jorge.Contactos;
				PRODUCT_NAME = "$(TARGET_NAME)";
				SWIFT_VERSION = 4.0;
				TARGETED_DEVICE_FAMILY = "1,2";
			};
			name = Release;
		};
/* End XCBuildConfiguration section */

/* Begin XCConfigurationList section */
		CF8C56B52017F0EC00E2C389 /* Build configuration list for PBXProject "Contactos" */ = {
			isa = XCConfigurationList;
			buildConfigurations = (
				CF8C56CA2017F0EC00E2C389 /* Debug */,
				CF8C56CB2017F0EC00E2C389 /* Release */,
			);
			defaultConfigurationIsVisible = 0;
			defaultConfigurationName = Release;
		};
		CF8C56CC2017F0EC00E2C389 /* Build configuration list for PBXNativeTarget "Contactos" */ = {
			isa = XCConfigurationList;
			buildConfigurations = (
				CF8C56CD2017F0EC00E2C389 /* Debug */,
				CF8C56CE2017F0EC00E2C389 /* Release */,
			);
			defaultConfigurationIsVisible = 0;
			defaultConfigurationName = Release;
		};
/* End XCConfigurationList section */
	};
	rootObject = CF8C56B22017F0EC00E2C389 /* Project object */;
}
